// !$*UTF8*$!
{
	archiveVersion = 1;
	classes = {
	};
	objectVersion = 55;
	objects = {

/* Begin PBXBuildFile section */
		440BE634275EFDB000707EBD /* AppDelegate.swift in Sources */ = {isa = PBXBuildFile; fileRef = 440BE633275EFDB000707EBD /* AppDelegate.swift */; };
		440BE638275EFDB200707EBD /* Assets.xcassets in Resources */ = {isa = PBXBuildFile; fileRef = 440BE637275EFDB200707EBD /* Assets.xcassets */; };
		440BE63B275EFDB200707EBD /* Main.storyboard in Resources */ = {isa = PBXBuildFile; fileRef = 440BE639275EFDB200707EBD /* Main.storyboard */; };
		440BE645275EFF5900707EBD /* MainMenuController.swift in Sources */ = {isa = PBXBuildFile; fileRef = 440BE644275EFF5900707EBD /* MainMenuController.swift */; };
		440BE649275F021E00707EBD /* MainMenu.xib in Resources */ = {isa = PBXBuildFile; fileRef = 440BE648275F021E00707EBD /* MainMenu.xib */; };
		440BE64B275F06B100707EBD /* Date+Beats.swift in Sources */ = {isa = PBXBuildFile; fileRef = 440BE64A275F06B100707EBD /* Date+Beats.swift */; };
		440BE64D275F06D900707EBD /* Int+Beats.swift in Sources */ = {isa = PBXBuildFile; fileRef = 440BE64C275F06D900707EBD /* Int+Beats.swift */; };
		440BE64F275F08FB00707EBD /* Logging.swift in Sources */ = {isa = PBXBuildFile; fileRef = 440BE64E275F08FB00707EBD /* Logging.swift */; };
		440BE652275F0E0D00707EBD /* AboutWindowController.swift in Sources */ = {isa = PBXBuildFile; fileRef = 440BE651275F0E0D00707EBD /* AboutWindowController.swift */; };
		440BE654275F112C00707EBD /* SimulateTimeWindowController.swift in Sources */ = {isa = PBXBuildFile; fileRef = 440BE653275F112C00707EBD /* SimulateTimeWindowController.swift */; };
		440BE659275F165200707EBD /* SimulateTimeViewController.swift in Sources */ = {isa = PBXBuildFile; fileRef = 440BE658275F165200707EBD /* SimulateTimeViewController.swift */; };
		440BE65B275FD54B00707EBD /* Zones.swift in Sources */ = {isa = PBXBuildFile; fileRef = 440BE65A275FD54B00707EBD /* Zones.swift */; };
		440BE65E2760177000707EBD /* AboutViewController.swift in Sources */ = {isa = PBXBuildFile; fileRef = 440BE65D2760177000707EBD /* AboutViewController.swift */; };
/* End PBXBuildFile section */

/* Begin PBXFileReference section */
		440BE630275EFDB000707EBD /* Internet Time.app */ = {isa = PBXFileReference; explicitFileType = wrapper.application; includeInIndex = 0; path = "Internet Time.app"; sourceTree = BUILT_PRODUCTS_DIR; };
		440BE633275EFDB000707EBD /* AppDelegate.swift */ = {isa = PBXFileReference; lastKnownFileType = sourcecode.swift; path = AppDelegate.swift; sourceTree = "<group>"; };
		440BE637275EFDB200707EBD /* Assets.xcassets */ = {isa = PBXFileReference; lastKnownFileType = folder.assetcatalog; path = Assets.xcassets; sourceTree = "<group>"; };
		440BE63A275EFDB200707EBD /* Base */ = {isa = PBXFileReference; lastKnownFileType = file.storyboard; name = Base; path = Base.lproj/Main.storyboard; sourceTree = "<group>"; };
		440BE63C275EFDB200707EBD /* Internet_Time.entitlements */ = {isa = PBXFileReference; lastKnownFileType = text.plist.entitlements; path = Internet_Time.entitlements; sourceTree = "<group>"; };
		440BE644275EFF5900707EBD /* MainMenuController.swift */ = {isa = PBXFileReference; lastKnownFileType = sourcecode.swift; path = MainMenuController.swift; sourceTree = "<group>"; };
		440BE648275F021E00707EBD /* MainMenu.xib */ = {isa = PBXFileReference; lastKnownFileType = file.xib; path = MainMenu.xib; sourceTree = "<group>"; };
		440BE64A275F06B100707EBD /* Date+Beats.swift */ = {isa = PBXFileReference; lastKnownFileType = sourcecode.swift; path = "Date+Beats.swift"; sourceTree = "<group>"; };
		440BE64C275F06D900707EBD /* Int+Beats.swift */ = {isa = PBXFileReference; lastKnownFileType = sourcecode.swift; path = "Int+Beats.swift"; sourceTree = "<group>"; };
		440BE64E275F08FB00707EBD /* Logging.swift */ = {isa = PBXFileReference; fileEncoding = 4; lastKnownFileType = sourcecode.swift; path = Logging.swift; sourceTree = "<group>"; };
		440BE650275F0C5900707EBD /* Internet-Time-Info.plist */ = {isa = PBXFileReference; lastKnownFileType = text.plist; path = "Internet-Time-Info.plist"; sourceTree = SOURCE_ROOT; };
		440BE651275F0E0D00707EBD /* AboutWindowController.swift */ = {isa = PBXFileReference; lastKnownFileType = sourcecode.swift; path = AboutWindowController.swift; sourceTree = "<group>"; };
		440BE653275F112C00707EBD /* SimulateTimeWindowController.swift */ = {isa = PBXFileReference; lastKnownFileType = sourcecode.swift; path = SimulateTimeWindowController.swift; sourceTree = "<group>"; };
		440BE658275F165200707EBD /* SimulateTimeViewController.swift */ = {isa = PBXFileReference; lastKnownFileType = sourcecode.swift; path = SimulateTimeViewController.swift; sourceTree = "<group>"; };
		440BE65A275FD54B00707EBD /* Zones.swift */ = {isa = PBXFileReference; lastKnownFileType = sourcecode.swift; path = Zones.swift; sourceTree = "<group>"; };
		440BE65D2760177000707EBD /* AboutViewController.swift */ = {isa = PBXFileReference; lastKnownFileType = sourcecode.swift; path = AboutViewController.swift; sourceTree = "<group>"; };
/* End PBXFileReference section */

/* Begin PBXFrameworksBuildPhase section */
		440BE62D275EFDB000707EBD /* Frameworks */ = {
			isa = PBXFrameworksBuildPhase;
			buildActionMask = 2147483647;
			files = (
			);
			runOnlyForDeploymentPostprocessing = 0;
		};
/* End PBXFrameworksBuildPhase section */

/* Begin PBXGroup section */
		440BE627275EFDB000707EBD = {
			isa = PBXGroup;
			children = (
				440BE632275EFDB000707EBD /* Internet Time */,
				440BE631275EFDB000707EBD /* Products */,
			);
			sourceTree = "<group>";
		};
		440BE631275EFDB000707EBD /* Products */ = {
			isa = PBXGroup;
			children = (
				440BE630275EFDB000707EBD /* Internet Time.app */,
			);
			name = Products;
			sourceTree = "<group>";
		};
		440BE632275EFDB000707EBD /* Internet Time */ = {
			isa = PBXGroup;
			children = (
				440BE650275F0C5900707EBD /* Internet-Time-Info.plist */,
				440BE63C275EFDB200707EBD /* Internet_Time.entitlements */,
				440BE637275EFDB200707EBD /* Assets.xcassets */,
				440BE633275EFDB000707EBD /* AppDelegate.swift */,
				440BE65C2760089200707EBD /* Models */,
				440BE656275F115500707EBD /* Controllers */,
				440BE655275F114500707EBD /* Views */,
				440BE657275F116F00707EBD /* Utilities */,
			);
			path = "Internet Time";
			sourceTree = "<group>";
		};
		440BE655275F114500707EBD /* Views */ = {
			isa = PBXGroup;
			children = (
				440BE639275EFDB200707EBD /* Main.storyboard */,
				440BE648275F021E00707EBD /* MainMenu.xib */,
			);
			path = Views;
			sourceTree = "<group>";
		};
		440BE656275F115500707EBD /* Controllers */ = {
			isa = PBXGroup;
			children = (
				440BE644275EFF5900707EBD /* MainMenuController.swift */,
				440BE651275F0E0D00707EBD /* AboutWindowController.swift */,
				440BE653275F112C00707EBD /* SimulateTimeWindowController.swift */,
				440BE658275F165200707EBD /* SimulateTimeViewController.swift */,
				440BE65D2760177000707EBD /* AboutViewController.swift */,
			);
			path = Controllers;
			sourceTree = "<group>";
		};
		440BE657275F116F00707EBD /* Utilities */ = {
			isa = PBXGroup;
			children = (
				440BE64A275F06B100707EBD /* Date+Beats.swift */,
				440BE64C275F06D900707EBD /* Int+Beats.swift */,
				440BE64E275F08FB00707EBD /* Logging.swift */,
			);
			path = Utilities;
			sourceTree = "<group>";
		};
		440BE65C2760089200707EBD /* Models */ = {
			isa = PBXGroup;
			children = (
				440BE65A275FD54B00707EBD /* Zones.swift */,
			);
			path = Models;
			sourceTree = "<group>";
		};
/* End PBXGroup section */

/* Begin PBXNativeTarget section */
		440BE62F275EFDB000707EBD /* Internet Time */ = {
			isa = PBXNativeTarget;
			buildConfigurationList = 440BE63F275EFDB200707EBD /* Build configuration list for PBXNativeTarget "Internet Time" */;
			buildPhases = (
				440BE62C275EFDB000707EBD /* Sources */,
				440BE62D275EFDB000707EBD /* Frameworks */,
				440BE62E275EFDB000707EBD /* Resources */,
			);
			buildRules = (
			);
			dependencies = (
			);
			name = "Internet Time";
			productName = "Internet Time";
			productReference = 440BE630275EFDB000707EBD /* Internet Time.app */;
			productType = "com.apple.product-type.application";
		};
/* End PBXNativeTarget section */

/* Begin PBXProject section */
		440BE628275EFDB000707EBD /* Project object */ = {
			isa = PBXProject;
			attributes = {
				BuildIndependentTargetsInParallel = 1;
				LastSwiftUpdateCheck = 1310;
				LastUpgradeCheck = 1310;
				TargetAttributes = {
					440BE62F275EFDB000707EBD = {
						CreatedOnToolsVersion = 13.1;
					};
				};
			};
			buildConfigurationList = 440BE62B275EFDB000707EBD /* Build configuration list for PBXProject "Internet Time" */;
			compatibilityVersion = "Xcode 13.0";
			developmentRegion = en;
			hasScannedForEncodings = 0;
			knownRegions = (
				en,
				Base,
			);
			mainGroup = 440BE627275EFDB000707EBD;
			productRefGroup = 440BE631275EFDB000707EBD /* Products */;
			projectDirPath = "";
			projectRoot = "";
			targets = (
				440BE62F275EFDB000707EBD /* Internet Time */,
			);
		};
/* End PBXProject section */

/* Begin PBXResourcesBuildPhase section */
		440BE62E275EFDB000707EBD /* Resources */ = {
			isa = PBXResourcesBuildPhase;
			buildActionMask = 2147483647;
			files = (
				440BE638275EFDB200707EBD /* Assets.xcassets in Resources */,
				440BE63B275EFDB200707EBD /* Main.storyboard in Resources */,
				440BE649275F021E00707EBD /* MainMenu.xib in Resources */,
			);
			runOnlyForDeploymentPostprocessing = 0;
		};
/* End PBXResourcesBuildPhase section */

/* Begin PBXSourcesBuildPhase section */
		440BE62C275EFDB000707EBD /* Sources */ = {
			isa = PBXSourcesBuildPhase;
			buildActionMask = 2147483647;
			files = (
				440BE64F275F08FB00707EBD /* Logging.swift in Sources */,
				440BE634275EFDB000707EBD /* AppDelegate.swift in Sources */,
				440BE659275F165200707EBD /* SimulateTimeViewController.swift in Sources */,
				440BE645275EFF5900707EBD /* MainMenuController.swift in Sources */,
				440BE654275F112C00707EBD /* SimulateTimeWindowController.swift in Sources */,
				440BE64B275F06B100707EBD /* Date+Beats.swift in Sources */,
				440BE65B275FD54B00707EBD /* Zones.swift in Sources */,
				440BE64D275F06D900707EBD /* Int+Beats.swift in Sources */,
				440BE65E2760177000707EBD /* AboutViewController.swift in Sources */,
				440BE652275F0E0D00707EBD /* AboutWindowController.swift in Sources */,
			);
			runOnlyForDeploymentPostprocessing = 0;
		};
/* End PBXSourcesBuildPhase section */

/* Begin PBXVariantGroup section */
		440BE639275EFDB200707EBD /* Main.storyboard */ = {
			isa = PBXVariantGroup;
			children = (
				440BE63A275EFDB200707EBD /* Base */,
			);
			name = Main.storyboard;
			sourceTree = "<group>";
		};
/* End PBXVariantGroup section */

/* Begin XCBuildConfiguration section */
		440BE63D275EFDB200707EBD /* Debug */ = {
			isa = XCBuildConfiguration;
			buildSettings = {
				ALWAYS_SEARCH_USER_PATHS = NO;
				CLANG_ANALYZER_NONNULL = YES;
				CLANG_ANALYZER_NUMBER_OBJECT_CONVERSION = YES_AGGRESSIVE;
				CLANG_CXX_LANGUAGE_STANDARD = "gnu++17";
				CLANG_CXX_LIBRARY = "libc++";
				CLANG_ENABLE_MODULES = YES;
				CLANG_ENABLE_OBJC_ARC = YES;
				CLANG_ENABLE_OBJC_WEAK = YES;
				CLANG_WARN_BLOCK_CAPTURE_AUTORELEASING = YES;
				CLANG_WARN_BOOL_CONVERSION = YES;
				CLANG_WARN_COMMA = YES;
				CLANG_WARN_CONSTANT_CONVERSION = YES;
				CLANG_WARN_DEPRECATED_OBJC_IMPLEMENTATIONS = YES;
				CLANG_WARN_DIRECT_OBJC_ISA_USAGE = YES_ERROR;
				CLANG_WARN_DOCUMENTATION_COMMENTS = YES;
				CLANG_WARN_EMPTY_BODY = YES;
				CLANG_WARN_ENUM_CONVERSION = YES;
				CLANG_WARN_INFINITE_RECURSION = YES;
				CLANG_WARN_INT_CONVERSION = YES;
				CLANG_WARN_NON_LITERAL_NULL_CONVERSION = YES;
				CLANG_WARN_OBJC_IMPLICIT_RETAIN_SELF = YES;
				CLANG_WARN_OBJC_LITERAL_CONVERSION = YES;
				CLANG_WARN_OBJC_ROOT_CLASS = YES_ERROR;
				CLANG_WARN_QUOTED_INCLUDE_IN_FRAMEWORK_HEADER = YES;
				CLANG_WARN_RANGE_LOOP_ANALYSIS = YES;
				CLANG_WARN_STRICT_PROTOTYPES = YES;
				CLANG_WARN_SUSPICIOUS_MOVE = YES;
				CLANG_WARN_UNGUARDED_AVAILABILITY = YES_AGGRESSIVE;
				CLANG_WARN_UNREACHABLE_CODE = YES;
				CLANG_WARN__DUPLICATE_METHOD_MATCH = YES;
				COPY_PHASE_STRIP = NO;
				DEBUG_INFORMATION_FORMAT = dwarf;
				ENABLE_STRICT_OBJC_MSGSEND = YES;
				ENABLE_TESTABILITY = YES;
				GCC_C_LANGUAGE_STANDARD = gnu11;
				GCC_DYNAMIC_NO_PIC = NO;
				GCC_NO_COMMON_BLOCKS = YES;
				GCC_OPTIMIZATION_LEVEL = 0;
				GCC_PREPROCESSOR_DEFINITIONS = (
					"DEBUG=1",
					"$(inherited)",
				);
				GCC_WARN_64_TO_32_BIT_CONVERSION = YES;
				GCC_WARN_ABOUT_RETURN_TYPE = YES_ERROR;
				GCC_WARN_UNDECLARED_SELECTOR = YES;
				GCC_WARN_UNINITIALIZED_AUTOS = YES_AGGRESSIVE;
				GCC_WARN_UNUSED_FUNCTION = YES;
				GCC_WARN_UNUSED_VARIABLE = YES;
				MACOSX_DEPLOYMENT_TARGET = 10.12;
				MTL_ENABLE_DEBUG_INFO = INCLUDE_SOURCE;
				MTL_FAST_MATH = YES;
				ONLY_ACTIVE_ARCH = YES;
				SDKROOT = macosx;
				SWIFT_ACTIVE_COMPILATION_CONDITIONS = DEBUG;
				SWIFT_OPTIMIZATION_LEVEL = "-Onone";
			};
			name = Debug;
		};
		440BE63E275EFDB200707EBD /* Release */ = {
			isa = XCBuildConfiguration;
			buildSettings = {
				ALWAYS_SEARCH_USER_PATHS = NO;
				CLANG_ANALYZER_NONNULL = YES;
				CLANG_ANALYZER_NUMBER_OBJECT_CONVERSION = YES_AGGRESSIVE;
				CLANG_CXX_LANGUAGE_STANDARD = "gnu++17";
				CLANG_CXX_LIBRARY = "libc++";
				CLANG_ENABLE_MODULES = YES;
				CLANG_ENABLE_OBJC_ARC = YES;
				CLANG_ENABLE_OBJC_WEAK = YES;
				CLANG_WARN_BLOCK_CAPTURE_AUTORELEASING = YES;
				CLANG_WARN_BOOL_CONVERSION = YES;
				CLANG_WARN_COMMA = YES;
				CLANG_WARN_CONSTANT_CONVERSION = YES;
				CLANG_WARN_DEPRECATED_OBJC_IMPLEMENTATIONS = YES;
				CLANG_WARN_DIRECT_OBJC_ISA_USAGE = YES_ERROR;
				CLANG_WARN_DOCUMENTATION_COMMENTS = YES;
				CLANG_WARN_EMPTY_BODY = YES;
				CLANG_WARN_ENUM_CONVERSION = YES;
				CLANG_WARN_INFINITE_RECURSION = YES;
				CLANG_WARN_INT_CONVERSION = YES;
				CLANG_WARN_NON_LITERAL_NULL_CONVERSION = YES;
				CLANG_WARN_OBJC_IMPLICIT_RETAIN_SELF = YES;
				CLANG_WARN_OBJC_LITERAL_CONVERSION = YES;
				CLANG_WARN_OBJC_ROOT_CLASS = YES_ERROR;
				CLANG_WARN_QUOTED_INCLUDE_IN_FRAMEWORK_HEADER = YES;
				CLANG_WARN_RANGE_LOOP_ANALYSIS = YES;
				CLANG_WARN_STRICT_PROTOTYPES = YES;
				CLANG_WARN_SUSPICIOUS_MOVE = YES;
				CLANG_WARN_UNGUARDED_AVAILABILITY = YES_AGGRESSIVE;
				CLANG_WARN_UNREACHABLE_CODE = YES;
				CLANG_WARN__DUPLICATE_METHOD_MATCH = YES;
				COPY_PHASE_STRIP = NO;
				DEBUG_INFORMATION_FORMAT = "dwarf-with-dsym";
				ENABLE_NS_ASSERTIONS = NO;
				ENABLE_STRICT_OBJC_MSGSEND = YES;
				GCC_C_LANGUAGE_STANDARD = gnu11;
				GCC_NO_COMMON_BLOCKS = YES;
				GCC_WARN_64_TO_32_BIT_CONVERSION = YES;
				GCC_WARN_ABOUT_RETURN_TYPE = YES_ERROR;
				GCC_WARN_UNDECLARED_SELECTOR = YES;
				GCC_WARN_UNINITIALIZED_AUTOS = YES_AGGRESSIVE;
				GCC_WARN_UNUSED_FUNCTION = YES;
				GCC_WARN_UNUSED_VARIABLE = YES;
				MACOSX_DEPLOYMENT_TARGET = 10.12;
				MTL_ENABLE_DEBUG_INFO = NO;
				MTL_FAST_MATH = YES;
				SDKROOT = macosx;
				SWIFT_COMPILATION_MODE = wholemodule;
				SWIFT_OPTIMIZATION_LEVEL = "-O";
			};
			name = Release;
		};
		440BE640275EFDB200707EBD /* Debug */ = {
			isa = XCBuildConfiguration;
			buildSettings = {
				ASSETCATALOG_COMPILER_APPICON_NAME = AppIcon;
				ASSETCATALOG_COMPILER_GLOBAL_ACCENT_COLOR_NAME = AccentColor;
				CODE_SIGN_ENTITLEMENTS = "Internet Time/Internet_Time.entitlements";
				CODE_SIGN_STYLE = Automatic;
				COMBINE_HIDPI_IMAGES = YES;
				CURRENT_PROJECT_VERSION = 1;
				DEVELOPMENT_TEAM = 2Y9M69QJKZ;
				ENABLE_HARDENED_RUNTIME = YES;
				GENERATE_INFOPLIST_FILE = YES;
				INFOPLIST_FILE = "Internet-Time-Info.plist";
				INFOPLIST_KEY_NSHumanReadableCopyright = "";
				INFOPLIST_KEY_NSMainNibFile = MainMenu;
				INFOPLIST_KEY_NSPrincipalClass = NSApplication;
				LD_RUNPATH_SEARCH_PATHS = (
					"$(inherited)",
					"@executable_path/../Frameworks",
				);
				MACOSX_DEPLOYMENT_TARGET = 10.12;
				MARKETING_VERSION = 1.0;
				PRODUCT_BUNDLE_IDENTIFIER = "net.amiantos.Internet-Time";
				PRODUCT_NAME = "$(TARGET_NAME)";
				SWIFT_EMIT_LOC_STRINGS = YES;
				SWIFT_VERSION = 5.0;
			};
			name = Debug;
		};
		440BE641275EFDB200707EBD /* Release */ = {
			isa = XCBuildConfiguration;
			buildSettings = {
				ASSETCATALOG_COMPILER_APPICON_NAME = AppIcon;
				ASSETCATALOG_COMPILER_GLOBAL_ACCENT_COLOR_NAME = AccentColor;
				CODE_SIGN_ENTITLEMENTS = "Internet Time/Internet_Time.entitlements";
				CODE_SIGN_STYLE = Automatic;
				COMBINE_HIDPI_IMAGES = YES;
				CURRENT_PROJECT_VERSION = 1;
				DEVELOPMENT_TEAM = 2Y9M69QJKZ;
				ENABLE_HARDENED_RUNTIME = YES;
				GENERATE_INFOPLIST_FILE = YES;
				INFOPLIST_FILE = "Internet-Time-Info.plist";
				INFOPLIST_KEY_NSHumanReadableCopyright = "";
				INFOPLIST_KEY_NSMainNibFile = MainMenu;
				INFOPLIST_KEY_NSPrincipalClass = NSApplication;
				LD_RUNPATH_SEARCH_PATHS = (
					"$(inherited)",
					"@executable_path/../Frameworks",
				);
				MACOSX_DEPLOYMENT_TARGET = 10.12;
				MARKETING_VERSION = 1.0;
				PRODUCT_BUNDLE_IDENTIFIER = "net.amiantos.Internet-Time";
				PRODUCT_NAME = "$(TARGET_NAME)";
				SWIFT_EMIT_LOC_STRINGS = YES;
				SWIFT_VERSION = 5.0;
			};
			name = Release;
		};
/* End XCBuildConfiguration section */

/* Begin XCConfigurationList section */
		440BE62B275EFDB000707EBD /* Build configuration list for PBXProject "Internet Time" */ = {
			isa = XCConfigurationList;
			buildConfigurations = (
				440BE63D275EFDB200707EBD /* Debug */,
				440BE63E275EFDB200707EBD /* Release */,
			);
			defaultConfigurationIsVisible = 0;
			defaultConfigurationName = Release;
		};
		440BE63F275EFDB200707EBD /* Build configuration list for PBXNativeTarget "Internet Time" */ = {
			isa = XCConfigurationList;
			buildConfigurations = (
				440BE640275EFDB200707EBD /* Debug */,
				440BE641275EFDB200707EBD /* Release */,
			);
			defaultConfigurationIsVisible = 0;
			defaultConfigurationName = Release;
		};
/* End XCConfigurationList section */
	};
	rootObject = 440BE628275EFDB000707EBD /* Project object */;
}
